{
  "nodes": {
    "naersk": {
      "inputs": {
        "nixpkgs": [
          "nixpkgs"
        ]
      },
      "locked": {
        "lastModified": 1659610603,
        "narHash": "sha256-LYgASYSPYo7O71WfeUOaEUzYfzuXm8c8eavJcel+pfI=",
        "owner": "nix-community",
        "repo": "naersk",
        "rev": "c6a45e4277fa58abd524681466d3450f896dc094",
        "type": "github"
      },
      "original": {
        "owner": "nix-community",
        "repo": "naersk",
        "type": "github"
      }
    },
    "nixpkgs": {
      "locked": {
        "lastModified": 1660908602,
        "narHash": "sha256-SwZ85IPWvC4NxxFhWhRMTJpApSHbY1u4YK2UFWEBWvY=",
        "owner": "NixOS",
        "repo": "nixpkgs",
        "rev": "495b19d5b3e62b4ec7e846bdfb6ef3d9c3b83492",
        "type": "github"
      },
      "original": {
        "owner": "NixOS",
        "ref": "nixos-unstable",
        "repo": "nixpkgs",
        "type": "github"
      }
    },
    "root": {
      "inputs": {
        "naersk": "naersk",
        "nixpkgs": "nixpkgs",
        "stops": "stops",
        "utils": "utils"
      }
    },
    "stops": {
      "flake": false,
      "locked": {
        "lastModified": 1660735706,
        "narHash": "sha256-7z3NA6J+dRoHYFxn/yddADDTEjXa9yhV9y9a94mDq9A=",
        "owner": "dump-dvb",
        "repo": "stop-names",
        "rev": "1c48780a2491bfdeaf669c86cb4b979f1f1b9cc9",
        "type": "github"
      },
      "original": {
        "owner": "dump-dvb",
        "repo": "stop-names",
        "type": "github"
      }
    },
    "utils": {
      "locked": {
        "lastModified": 1659877975,
        "narHash": "sha256-zllb8aq3YO3h8B/U0/J1WBgAL8EX5yWf5pMj3G0NAmc=",
        "owner": "numtide",
        "repo": "flake-utils",
        "rev": "c0e246b9b83f637f4681389ecabcb2681b4f3af0",
        "type": "github"
      },
      "original": {
        "owner": "numtide",
        "repo": "flake-utils",
        "type": "github"
      }
    }
  },
  "root": "root",
  "version": 7
}
