{
  "nodes": {
    "naersk": {
      "inputs": {
        "nixpkgs": "nixpkgs"
      },
      "locked": {
        "lastModified": 1652722411,
        "narHash": "sha256-FxzNgYiH9c91hUVAntcjrqY//KOTUPP2a4e8Wyuysxg=",
        "owner": "nix-community",
        "repo": "naersk",
        "rev": "94beb7a3edfeb3bcda65fa3f2ebc48ec6b40bf72",
        "type": "github"
      },
      "original": {
        "owner": "nix-community",
        "repo": "naersk",
        "type": "github"
      }
    },
    "nixpkgs": {
      "locked": {
        "lastModified": 1652840887,
        "narHash": "sha256-gEK4NNa4GwIgTZE63kt/4WTFAWRTJVSa30+h4ZjFh9U=",
        "owner": "NixOS",
        "repo": "nixpkgs",
        "rev": "52dc75a4fee3fdbcb792cb6fba009876b912bfe0",
        "type": "github"
      },
      "original": {
        "id": "nixpkgs",
        "type": "indirect"
      }
    },
    "nixpkgs_2": {
      "locked": {
        "lastModified": 1652881001,
        "narHash": "sha256-k9JmPCojaJnqGz4aRXXT1HZqJKHCXijoMfBAb24abXk=",
        "owner": "NixOS",
        "repo": "nixpkgs",
        "rev": "2d474d6a4a43a0348b78db68dc00c491032cf5cf",
        "type": "github"
      },
      "original": {
        "owner": "NixOS",
        "ref": "nixos-21.11",
        "repo": "nixpkgs",
        "type": "github"
      }
    },
    "root": {
      "inputs": {
        "naersk": "naersk",
        "nixpkgs": "nixpkgs_2",
        "stops": "stops",
        "utils": "utils"
      }
    },
    "stops": {
      "flake": false,
      "locked": {
        "lastModified": 1652912878,
        "narHash": "sha256-HexjCe/egqPy+pgJniQB+EgFc04lH0HCuZ7kNzRsBJU=",
        "owner": "dump-dvb",
        "repo": "stop-names",
        "rev": "17c22c4d4908f08166e7a737abc65dee5d46dcc4",
        "type": "github"
      },
      "original": {
        "owner": "dump-dvb",
        "repo": "stop-names",
        "type": "github"
      }
    },
    "utils": {
      "locked": {
        "lastModified": 1652776076,
        "narHash": "sha256-gzTw/v1vj4dOVbpBSJX4J0DwUR6LIyXo7/SuuTJp1kM=",
        "owner": "numtide",
        "repo": "flake-utils",
        "rev": "04c1b180862888302ddfb2e3ad9eaa63afc60cf8",
        "type": "github"
      },
      "original": {
        "owner": "numtide",
        "repo": "flake-utils",
        "type": "github"
      }
    }
  },
  "root": "root",
  "version": 7
}
